
Microsoft Visual Studio Solution File, Format Version 12.00
# Visual Studio Version 16
VisualStudioVersion = 16.0.29920.165
MinimumVisualStudioVersion = 10.0.40219.1
Project("{9A19103F-16F7-4668-BE54-9A1E7A4F7556}") = "LagarAppE04", "LagarAppE04\LagarAppE04.csproj", "{F57256C5-6DD7-4657-88CA-83E937BCFD96}"
EndProject
Project("{FAE04EC0-301F-11D3-BF4B-00C04F79EFBC}") = "LagarAppXunitTest", "LagarAppXunitTest\LagarAppXunitTest.csproj", "{EDF49954-9A01-4775-B95A-562F3B52142C}"
EndProject
Global
	GlobalSection(SolutionConfigurationPlatforms) = preSolution
		Debug|Any CPU = Debug|Any CPU
		Release|Any CPU = Release|Any CPU
	EndGlobalSection
	GlobalSection(ProjectConfigurationPlatforms) = postSolution
		{F57256C5-6DD7-4657-88CA-83E937BCFD96}.Debug|Any CPU.ActiveCfg = Debug|Any CPU
		{F57256C5-6DD7-4657-88CA-83E937BCFD96}.Debug|Any CPU.Build.0 = Debug|Any CPU
		{F57256C5-6DD7-4657-88CA-83E937BCFD96}.Release|Any CPU.ActiveCfg = Release|Any CPU
		{F57256C5-6DD7-4657-88CA-83E937BCFD96}.Release|Any CPU.Build.0 = Release|Any CPU
		{EDF49954-9A01-4775-B95A-562F3B52142C}.Debug|Any CPU.ActiveCfg = Debug|Any CPU
		{EDF49954-9A01-4775-B95A-562F3B52142C}.Debug|Any CPU.Build.0 = Debug|Any CPU
		{EDF49954-9A01-4775-B95A-562F3B52142C}.Release|Any CPU.ActiveCfg = Release|Any CPU
		{EDF49954-9A01-4775-B95A-562F3B52142C}.Release|Any CPU.Build.0 = Release|Any CPU
	EndGlobalSection
	GlobalSection(SolutionProperties) = preSolution
		HideSolutionNode = FALSE
	EndGlobalSection
	GlobalSection(ExtensibilityGlobals) = postSolution
		SolutionGuid = {1C3D99DD-6D84-4138-BA3E-7A8F063876F1}
	EndGlobalSection
EndGlobal
